Microsoft Visual Studio Solution File, Format Version 12.00
# Visual Studio Version 16
VisualStudioVersion = 16.0.0.0
MinimumVisualStudioVersion = 16.0.0.0
Project("{9A19103F-16F7-4668-BE54-9A1E7A4F7556}") = "XplatDesktopWeather", "XplatDesktopWeather\XplatDesktopWeather.csproj", "{A10B5667-3FE6-4C5C-A973-8AB9F29CE788}"
EndProject
Project("{FAE04EC0-301F-11D3-BF4B-00C04F79EFBC}") = "XplatDesktopWeather.Android", "XplatDesktopWeather.Android\XplatDesktopWeather.Android.csproj", "{9B85558F-1F3A-488E-AD72-F587D37AC90E}"
EndProject
Project("{FAE04EC0-301F-11D3-BF4B-00C04F79EFBC}") = "XplatDesktopWeather.iOS", "XplatDesktopWeather.iOS\XplatDesktopWeather.iOS.csproj", "{2A7EFB1B-9D68-4DBF-904C-8A49B685EDE8}"
EndProject
Project("{FAE04EC0-301F-11D3-BF4B-00C04F79EFBC}") = "XplatDesktopWeather.macOS", "XplatDesktopWeather.macOS\XplatDesktopWeather.macOS.csproj", "{973E3380-FF8F-416D-A3BA-877A1ED7992E}"
EndProject
Project("{FAE04EC0-301F-11D3-BF4B-00C04F79EFBC}") = "XplatDesktopWeather.Windows", "XplatDesktopWeather.Windows\XplatDesktopWeather.Windows.csproj", "{40827D27-3D6E-4F5D-8820-8BFFC4F6C77E}"
EndProject
Global
	GlobalSection(SolutionConfigurationPlatforms) = preSolution
		Debug|Any CPU = Debug|Any CPU
		Debug|iPhone = Debug|iPhone
		Debug|iPhoneSimulator = Debug|iPhoneSimulator
		Debug|x64 = Debug|x64
		Debug|x86 = Debug|x86
		Release|Any CPU = Release|Any CPU
		Release|iPhone = Release|iPhone
		Release|iPhoneSimulator = Release|iPhoneSimulator
		Release|x64 = Release|x64
		Release|x86 = Release|x86
	EndGlobalSection
	GlobalSection(ProjectConfigurationPlatforms) = postSolution
		{A10B5667-3FE6-4C5C-A973-8AB9F29CE788}.Debug|Any CPU.ActiveCfg = Debug|Any CPU
		{A10B5667-3FE6-4C5C-A973-8AB9F29CE788}.Debug|Any CPU.Build.0 = Debug|Any CPU
		{A10B5667-3FE6-4C5C-A973-8AB9F29CE788}.Debug|iPhone.ActiveCfg = Debug|Any CPU
		{A10B5667-3FE6-4C5C-A973-8AB9F29CE788}.Debug|iPhone.Build.0 = Debug|Any CPU
		{A10B5667-3FE6-4C5C-A973-8AB9F29CE788}.Debug|iPhoneSimulator.ActiveCfg = Debug|Any CPU
		{A10B5667-3FE6-4C5C-A973-8AB9F29CE788}.Debug|iPhoneSimulator.Build.0 = Debug|Any CPU
		{A10B5667-3FE6-4C5C-A973-8AB9F29CE788}.Debug|x64.ActiveCfg = Debug|Any CPU
		{A10B5667-3FE6-4C5C-A973-8AB9F29CE788}.Debug|x64.Build.0 = Debug|Any CPU
		{A10B5667-3FE6-4C5C-A973-8AB9F29CE788}.Debug|x86.ActiveCfg = Debug|Any CPU
		{A10B5667-3FE6-4C5C-A973-8AB9F29CE788}.Debug|x86.Build.0 = Debug|Any CPU
		{A10B5667-3FE6-4C5C-A973-8AB9F29CE788}.Release|Any CPU.ActiveCfg = Release|Any CPU
		{A10B5667-3FE6-4C5C-A973-8AB9F29CE788}.Release|Any CPU.Build.0 = Release|Any CPU
		{A10B5667-3FE6-4C5C-A973-8AB9F29CE788}.Release|iPhone.ActiveCfg = Release|Any CPU
		{A10B5667-3FE6-4C5C-A973-8AB9F29CE788}.Release|iPhone.Build.0 = Release|Any CPU
		{A10B5667-3FE6-4C5C-A973-8AB9F29CE788}.Release|iPhoneSimulator.ActiveCfg = Release|Any CPU
		{A10B5667-3FE6-4C5C-A973-8AB9F29CE788}.Release|iPhoneSimulator.Build.0 = Release|Any CPU
		{A10B5667-3FE6-4C5C-A973-8AB9F29CE788}.Release|x64.ActiveCfg = Release|Any CPU
		{A10B5667-3FE6-4C5C-A973-8AB9F29CE788}.Release|x64.Build.0 = Release|Any CPU
		{A10B5667-3FE6-4C5C-A973-8AB9F29CE788}.Release|x86.ActiveCfg = Release|Any CPU
		{A10B5667-3FE6-4C5C-A973-8AB9F29CE788}.Release|x86.Build.0 = Release|Any CPU
		{9B85558F-1F3A-488E-AD72-F587D37AC90E}.Debug|Any CPU.ActiveCfg = Debug|Any CPU
		{9B85558F-1F3A-488E-AD72-F587D37AC90E}.Debug|Any CPU.Build.0 = Debug|Any CPU
		{9B85558F-1F3A-488E-AD72-F587D37AC90E}.Debug|Any CPU.Deploy.0 = Debug|Any CPU
		{9B85558F-1F3A-488E-AD72-F587D37AC90E}.Debug|iPhone.ActiveCfg = Debug|Any CPU
		{9B85558F-1F3A-488E-AD72-F587D37AC90E}.Debug|iPhone.Build.0 = Debug|Any CPU
		{9B85558F-1F3A-488E-AD72-F587D37AC90E}.Debug|iPhone.Deploy.0 = Debug|Any CPU
		{9B85558F-1F3A-488E-AD72-F587D37AC90E}.Debug|iPhoneSimulator.ActiveCfg = Debug|Any CPU
		{9B85558F-1F3A-488E-AD72-F587D37AC90E}.Debug|iPhoneSimulator.Build.0 = Debug|Any CPU
		{9B85558F-1F3A-488E-AD72-F587D37AC90E}.Debug|iPhoneSimulator.Deploy.0 = Debug|Any CPU
		{9B85558F-1F3A-488E-AD72-F587D37AC90E}.Debug|x64.ActiveCfg = Debug|Any CPU
		{9B85558F-1F3A-488E-AD72-F587D37AC90E}.Debug|x64.Build.0 = Debug|Any CPU
		{9B85558F-1F3A-488E-AD72-F587D37AC90E}.Debug|x64.Deploy.0 = Debug|Any CPU
		{9B85558F-1F3A-488E-AD72-F587D37AC90E}.Debug|x86.ActiveCfg = Debug|Any CPU
		{9B85558F-1F3A-488E-AD72-F587D37AC90E}.Debug|x86.Build.0 = Debug|Any CPU
		{9B85558F-1F3A-488E-AD72-F587D37AC90E}.Debug|x86.Deploy.0 = Debug|Any CPU
		{9B85558F-1F3A-488E-AD72-F587D37AC90E}.Release|Any CPU.ActiveCfg = Release|Any CPU
		{9B85558F-1F3A-488E-AD72-F587D37AC90E}.Release|Any CPU.Build.0 = Release|Any CPU
		{9B85558F-1F3A-488E-AD72-F587D37AC90E}.Release|Any CPU.Deploy.0 = Release|Any CPU
		{9B85558F-1F3A-488E-AD72-F587D37AC90E}.Release|iPhone.ActiveCfg = Release|Any CPU
		{9B85558F-1F3A-488E-AD72-F587D37AC90E}.Release|iPhone.Build.0 = Release|Any CPU
		{9B85558F-1F3A-488E-AD72-F587D37AC90E}.Release|iPhone.Deploy.0 = Release|Any CPU
		{9B85558F-1F3A-488E-AD72-F587D37AC90E}.Release|iPhoneSimulator.ActiveCfg = Release|Any CPU
		{9B85558F-1F3A-488E-AD72-F587D37AC90E}.Release|iPhoneSimulator.Build.0 = Release|Any CPU
		{9B85558F-1F3A-488E-AD72-F587D37AC90E}.Release|iPhoneSimulator.Deploy.0 = Release|Any CPU
		{9B85558F-1F3A-488E-AD72-F587D37AC90E}.Release|x64.ActiveCfg = Release|Any CPU
		{9B85558F-1F3A-488E-AD72-F587D37AC90E}.Release|x64.Build.0 = Release|Any CPU
		{9B85558F-1F3A-488E-AD72-F587D37AC90E}.Release|x64.Deploy.0 = Release|Any CPU
		{9B85558F-1F3A-488E-AD72-F587D37AC90E}.Release|x86.ActiveCfg = Release|Any CPU
		{9B85558F-1F3A-488E-AD72-F587D37AC90E}.Release|x86.Build.0 = Release|Any CPU
		{9B85558F-1F3A-488E-AD72-F587D37AC90E}.Release|x86.Deploy.0 = Release|Any CPU
		{2A7EFB1B-9D68-4DBF-904C-8A49B685EDE8}.Debug|Any CPU.ActiveCfg = Debug|iPhone
		{2A7EFB1B-9D68-4DBF-904C-8A49B685EDE8}.Debug|iPhone.ActiveCfg = Debug|iPhone
		{2A7EFB1B-9D68-4DBF-904C-8A49B685EDE8}.Debug|iPhone.Build.0 = Debug|iPhone
		{2A7EFB1B-9D68-4DBF-904C-8A49B685EDE8}.Debug|iPhoneSimulator.ActiveCfg = Debug|iPhoneSimulator
		{2A7EFB1B-9D68-4DBF-904C-8A49B685EDE8}.Debug|iPhoneSimulator.Build.0 = Debug|iPhoneSimulator
		{2A7EFB1B-9D68-4DBF-904C-8A49B685EDE8}.Debug|x64.ActiveCfg = Debug|iPhone
		{2A7EFB1B-9D68-4DBF-904C-8A49B685EDE8}.Debug|x86.ActiveCfg = Debug|iPhone
		{2A7EFB1B-9D68-4DBF-904C-8A49B685EDE8}.Release|Any CPU.ActiveCfg = Release|iPhone
		{2A7EFB1B-9D68-4DBF-904C-8A49B685EDE8}.Release|iPhone.ActiveCfg = Release|iPhone
		{2A7EFB1B-9D68-4DBF-904C-8A49B685EDE8}.Release|iPhone.Build.0 = Release|iPhone
		{2A7EFB1B-9D68-4DBF-904C-8A49B685EDE8}.Release|iPhoneSimulator.ActiveCfg = Release|iPhoneSimulator
		{2A7EFB1B-9D68-4DBF-904C-8A49B685EDE8}.Release|iPhoneSimulator.Build.0 = Release|iPhoneSimulator
		{2A7EFB1B-9D68-4DBF-904C-8A49B685EDE8}.Release|x64.ActiveCfg = Release|iPhone
		{2A7EFB1B-9D68-4DBF-904C-8A49B685EDE8}.Release|x86.ActiveCfg = Release|iPhone
		{973E3380-FF8F-416D-A3BA-877A1ED7992E}.Debug|Any CPU.ActiveCfg = Debug|Any CPU
		{973E3380-FF8F-416D-A3BA-877A1ED7992E}.Debug|Any CPU.Build.0 = Debug|Any CPU
		{973E3380-FF8F-416D-A3BA-877A1ED7992E}.Debug|iPhone.ActiveCfg = Debug|Any CPU
		{973E3380-FF8F-416D-A3BA-877A1ED7992E}.Debug|iPhone.Build.0 = Debug|Any CPU
		{973E3380-FF8F-416D-A3BA-877A1ED7992E}.Debug|iPhoneSimulator.ActiveCfg = Debug|Any CPU
		{973E3380-FF8F-416D-A3BA-877A1ED7992E}.Debug|iPhoneSimulator.Build.0 = Debug|Any CPU
		{973E3380-FF8F-416D-A3BA-877A1ED7992E}.Debug|x64.ActiveCfg = Debug|Any CPU
		{973E3380-FF8F-416D-A3BA-877A1ED7992E}.Debug|x64.Build.0 = Debug|Any CPU
		{973E3380-FF8F-416D-A3BA-877A1ED7992E}.Debug|x86.ActiveCfg = Debug|Any CPU
		{973E3380-FF8F-416D-A3BA-877A1ED7992E}.Debug|x86.Build.0 = Debug|Any CPU
		{973E3380-FF8F-416D-A3BA-877A1ED7992E}.Release|Any CPU.ActiveCfg = Release|Any CPU
		{973E3380-FF8F-416D-A3BA-877A1ED7992E}.Release|Any CPU.Build.0 = Release|Any CPU
		{973E3380-FF8F-416D-A3BA-877A1ED7992E}.Release|iPhone.ActiveCfg = Release|Any CPU
		{973E3380-FF8F-416D-A3BA-877A1ED7992E}.Release|iPhone.Build.0 = Release|Any CPU
		{973E3380-FF8F-416D-A3BA-877A1ED7992E}.Release|iPhoneSimulator.ActiveCfg = Release|Any CPU
		{973E3380-FF8F-416D-A3BA-877A1ED7992E}.Release|iPhoneSimulator.Build.0 = Release|Any CPU
		{973E3380-FF8F-416D-A3BA-877A1ED7992E}.Release|x64.ActiveCfg = Release|Any CPU
		{973E3380-FF8F-416D-A3BA-877A1ED7992E}.Release|x64.Build.0 = Release|Any CPU
		{973E3380-FF8F-416D-A3BA-877A1ED7992E}.Release|x86.ActiveCfg = Release|Any CPU
		{973E3380-FF8F-416D-A3BA-877A1ED7992E}.Release|x86.Build.0 = Release|Any CPU
		{40827D27-3D6E-4F5D-8820-8BFFC4F6C77E}.Debug|Any CPU.ActiveCfg = Debug|Any CPU
		{40827D27-3D6E-4F5D-8820-8BFFC4F6C77E}.Debug|Any CPU.Build.0 = Debug|Any CPU
		{40827D27-3D6E-4F5D-8820-8BFFC4F6C77E}.Debug|iPhone.ActiveCfg = Debug|Any CPU
		{40827D27-3D6E-4F5D-8820-8BFFC4F6C77E}.Debug|iPhone.Build.0 = Debug|Any CPU
		{40827D27-3D6E-4F5D-8820-8BFFC4F6C77E}.Debug|iPhoneSimulator.ActiveCfg = Debug|Any CPU
		{40827D27-3D6E-4F5D-8820-8BFFC4F6C77E}.Debug|iPhoneSimulator.Build.0 = Debug|Any CPU
		{40827D27-3D6E-4F5D-8820-8BFFC4F6C77E}.Debug|x64.ActiveCfg = Debug|Any CPU
		{40827D27-3D6E-4F5D-8820-8BFFC4F6C77E}.Debug|x64.Build.0 = Debug|Any CPU
		{40827D27-3D6E-4F5D-8820-8BFFC4F6C77E}.Debug|x86.ActiveCfg = Debug|Any CPU
		{40827D27-3D6E-4F5D-8820-8BFFC4F6C77E}.Debug|x86.Build.0 = Debug|Any CPU
		{40827D27-3D6E-4F5D-8820-8BFFC4F6C77E}.Release|Any CPU.ActiveCfg = Release|Any CPU
		{40827D27-3D6E-4F5D-8820-8BFFC4F6C77E}.Release|Any CPU.Build.0 = Release|Any CPU
		{40827D27-3D6E-4F5D-8820-8BFFC4F6C77E}.Release|iPhone.ActiveCfg = Release|Any CPU
		{40827D27-3D6E-4F5D-8820-8BFFC4F6C77E}.Release|iPhone.Build.0 = Release|Any CPU
		{40827D27-3D6E-4F5D-8820-8BFFC4F6C77E}.Release|iPhoneSimulator.ActiveCfg = Release|Any CPU
		{40827D27-3D6E-4F5D-8820-8BFFC4F6C77E}.Release|iPhoneSimulator.Build.0 = Release|Any CPU
		{40827D27-3D6E-4F5D-8820-8BFFC4F6C77E}.Release|x64.ActiveCfg = Release|Any CPU
		{40827D27-3D6E-4F5D-8820-8BFFC4F6C77E}.Release|x64.Build.0 = Release|Any CPU
		{40827D27-3D6E-4F5D-8820-8BFFC4F6C77E}.Release|x86.ActiveCfg = Release|Any CPU
		{40827D27-3D6E-4F5D-8820-8BFFC4F6C77E}.Release|x86.Build.0 = Release|Any CPU
	EndGlobalSection
	GlobalSection(SolutionProperties) = preSolution
		HideSolutionNode = FALSE
	EndGlobalSection
	GlobalSection(ExtensibilityGlobals) = postSolution
		SolutionGuid = {69FCAD44-3B0F-4705-82C5-8901A8C4D964}
	EndGlobalSection
EndGlobal
