
Microsoft Visual Studio Solution File, Format Version 12.00
# Visual Studio Version 16
VisualStudioVersion = 16.0.31115.18
MinimumVisualStudioVersion = 10.0.40219.1
Project("{9A19103F-16F7-4668-BE54-9A1E7A4F7556}") = "BlazorDesktopWeather", "BlazorDesktopWeather\BlazorDesktopWeather.csproj", "{C95C0977-E075-4F40-B35E-2705DDC15C19}"
EndProject
Project("{9A19103F-16F7-4668-BE54-9A1E7A4F7556}") = "LineChart", "LineChart\LineChart.csproj", "{180A0671-CF2B-4129-A82F-52BAE3E57EDF}"
EndProject
Project("{9A19103F-16F7-4668-BE54-9A1E7A4F7556}") = "BlazorMauiWebView", "BlazorMauiWebView\BlazorMauiWebView.csproj", "{42C035E6-22B7-482B-8413-0FA30860CB9E}"
EndProject
Project("{9A19103F-16F7-4668-BE54-9A1E7A4F7556}") = "HelloMaui", "HelloMaui\HelloMaui.csproj", "{B4B84FF4-7A3C-4F76-895E-1C7E96086D8A}"
EndProject
Global
	GlobalSection(SolutionConfigurationPlatforms) = preSolution
		Debug|Any CPU = Debug|Any CPU
		Release|Any CPU = Release|Any CPU
	EndGlobalSection
	GlobalSection(ProjectConfigurationPlatforms) = postSolution
		{C95C0977-E075-4F40-B35E-2705DDC15C19}.Debug|Any CPU.ActiveCfg = Debug|Any CPU
		{C95C0977-E075-4F40-B35E-2705DDC15C19}.Debug|Any CPU.Build.0 = Debug|Any CPU
		{C95C0977-E075-4F40-B35E-2705DDC15C19}.Release|Any CPU.ActiveCfg = Release|Any CPU
		{C95C0977-E075-4F40-B35E-2705DDC15C19}.Release|Any CPU.Build.0 = Release|Any CPU
		{180A0671-CF2B-4129-A82F-52BAE3E57EDF}.Debug|Any CPU.ActiveCfg = Debug|Any CPU
		{180A0671-CF2B-4129-A82F-52BAE3E57EDF}.Debug|Any CPU.Build.0 = Debug|Any CPU
		{180A0671-CF2B-4129-A82F-52BAE3E57EDF}.Release|Any CPU.ActiveCfg = Release|Any CPU
		{180A0671-CF2B-4129-A82F-52BAE3E57EDF}.Release|Any CPU.Build.0 = Release|Any CPU
		{42C035E6-22B7-482B-8413-0FA30860CB9E}.Debug|Any CPU.ActiveCfg = Debug|Any CPU
		{42C035E6-22B7-482B-8413-0FA30860CB9E}.Debug|Any CPU.Build.0 = Debug|Any CPU
		{42C035E6-22B7-482B-8413-0FA30860CB9E}.Debug|Any CPU.Deploy.0 = Debug|Any CPU
		{42C035E6-22B7-482B-8413-0FA30860CB9E}.Release|Any CPU.ActiveCfg = Release|Any CPU
		{42C035E6-22B7-482B-8413-0FA30860CB9E}.Release|Any CPU.Build.0 = Release|Any CPU
		{42C035E6-22B7-482B-8413-0FA30860CB9E}.Release|Any CPU.Deploy.0 = Release|Any CPU
		{B4B84FF4-7A3C-4F76-895E-1C7E96086D8A}.Debug|Any CPU.ActiveCfg = Debug|Any CPU
		{B4B84FF4-7A3C-4F76-895E-1C7E96086D8A}.Debug|Any CPU.Build.0 = Debug|Any CPU
		{B4B84FF4-7A3C-4F76-895E-1C7E96086D8A}.Debug|Any CPU.Deploy.0 = Debug|Any CPU
		{B4B84FF4-7A3C-4F76-895E-1C7E96086D8A}.Release|Any CPU.ActiveCfg = Release|Any CPU
		{B4B84FF4-7A3C-4F76-895E-1C7E96086D8A}.Release|Any CPU.Build.0 = Release|Any CPU
		{B4B84FF4-7A3C-4F76-895E-1C7E96086D8A}.Release|Any CPU.Deploy.0 = Release|Any CPU
	EndGlobalSection
	GlobalSection(SolutionProperties) = preSolution
		HideSolutionNode = FALSE
	EndGlobalSection
	GlobalSection(ExtensibilityGlobals) = postSolution
		SolutionGuid = {EDEA825B-D915-4458-B560-C18DD3E07F80}
	EndGlobalSection
EndGlobal
